
Microsoft Visual Studio Solution File, Format Version 12.00
# Visual Studio Version 16
VisualStudioVersion = 16.0.30611.23
MinimumVisualStudioVersion = 10.0.40219.1
Project("{9A19103F-16F7-4668-BE54-9A1E7A4F7556}") = "GitlabManager", "GitlabManager\GitlabManager.csproj", "{3FE640B3-8B83-4C61-AB65-033A25EF4975}"
EndProject
Project("{FAE04EC0-301F-11D3-BF4B-00C04F79EFBC}") = "GitlabManagerTest", "GitlabManagerTest\GitlabManagerTest.csproj", "{931C5B4B-C69E-4AEB-BBA5-1C80B33E4211}"
EndProject
Global
	GlobalSection(SolutionConfigurationPlatforms) = preSolution
		Debug|Any CPU = Debug|Any CPU
		Release|Any CPU = Release|Any CPU
	EndGlobalSection
	GlobalSection(ProjectConfigurationPlatforms) = postSolution
		{3FE640B3-8B83-4C61-AB65-033A25EF4975}.Debug|Any CPU.ActiveCfg = Debug|Any CPU
		{3FE640B3-8B83-4C61-AB65-033A25EF4975}.Debug|Any CPU.Build.0 = Debug|Any CPU
		{3FE640B3-8B83-4C61-AB65-033A25EF4975}.Release|Any CPU.ActiveCfg = Release|Any CPU
		{3FE640B3-8B83-4C61-AB65-033A25EF4975}.Release|Any CPU.Build.0 = Release|Any CPU
		{931C5B4B-C69E-4AEB-BBA5-1C80B33E4211}.Debug|Any CPU.ActiveCfg = Debug|Any CPU
		{931C5B4B-C69E-4AEB-BBA5-1C80B33E4211}.Debug|Any CPU.Build.0 = Debug|Any CPU
		{931C5B4B-C69E-4AEB-BBA5-1C80B33E4211}.Release|Any CPU.ActiveCfg = Release|Any CPU
		{931C5B4B-C69E-4AEB-BBA5-1C80B33E4211}.Release|Any CPU.Build.0 = Release|Any CPU
	EndGlobalSection
	GlobalSection(SolutionProperties) = preSolution
		HideSolutionNode = FALSE
	EndGlobalSection
	GlobalSection(ExtensibilityGlobals) = postSolution
		SolutionGuid = {6E921068-5D94-45D0-934C-293D47A32C7B}
	EndGlobalSection
EndGlobal
